
Microsoft Visual Studio Solution File, Format Version 12.00
# Visual Studio Version 16
VisualStudioVersion = 16.0.30503.244
MinimumVisualStudioVersion = 10.0.40219.1
Project("{8BC9CEB8-8B4A-11D0-8D11-00A0C91BC942}") = "16_1", "16_1\16_1.vcxproj", "{227793CD-F3CB-49ED-9F62-E90337890565}"
EndProject
Project("{8BC9CEB8-8B4A-11D0-8D11-00A0C91BC942}") = "16_4", "16_4\16_4.vcxproj", "{995BB599-DF66-4375-B8BB-2C7BCFA4EBA8}"
EndProject
Project("{8BC9CEB8-8B4A-11D0-8D11-00A0C91BC942}") = "16_5", "16_5\16_5.vcxproj", "{3DD78FFF-DF30-4630-AB45-3B77CC0C82BF}"
EndProject
Project("{8BC9CEB8-8B4A-11D0-8D11-00A0C91BC942}") = "16_6", "16_6\16_6.vcxproj", "{5F65AE2C-0CE1-4671-9BAC-DC385762B21C}"
EndProject
Project("{8BC9CEB8-8B4A-11D0-8D11-00A0C91BC942}") = "16_7", "16_7\16_7.vcxproj", "{DB3DA83C-6304-4A85-9B16-CE370E77757F}"
EndProject
Project("{8BC9CEB8-8B4A-11D0-8D11-00A0C91BC942}") = "16_8", "16_8\16_8.vcxproj", "{78FA6DD9-CFB6-4338-A2CA-F0739B72B32E}"
EndProject
Global
	GlobalSection(SolutionConfigurationPlatforms) = preSolution
		Debug|x64 = Debug|x64
		Debug|x86 = Debug|x86
		Release|x64 = Release|x64
		Release|x86 = Release|x86
	EndGlobalSection
	GlobalSection(ProjectConfigurationPlatforms) = postSolution
		{227793CD-F3CB-49ED-9F62-E90337890565}.Debug|x64.ActiveCfg = Debug|x64
		{227793CD-F3CB-49ED-9F62-E90337890565}.Debug|x64.Build.0 = Debug|x64
		{227793CD-F3CB-49ED-9F62-E90337890565}.Debug|x86.ActiveCfg = Debug|Win32
		{227793CD-F3CB-49ED-9F62-E90337890565}.Debug|x86.Build.0 = Debug|Win32
		{227793CD-F3CB-49ED-9F62-E90337890565}.Release|x64.ActiveCfg = Release|x64
		{227793CD-F3CB-49ED-9F62-E90337890565}.Release|x64.Build.0 = Release|x64
		{227793CD-F3CB-49ED-9F62-E90337890565}.Release|x86.ActiveCfg = Release|Win32
		{227793CD-F3CB-49ED-9F62-E90337890565}.Release|x86.Build.0 = Release|Win32
		{995BB599-DF66-4375-B8BB-2C7BCFA4EBA8}.Debug|x64.ActiveCfg = Debug|x64
		{995BB599-DF66-4375-B8BB-2C7BCFA4EBA8}.Debug|x64.Build.0 = Debug|x64
		{995BB599-DF66-4375-B8BB-2C7BCFA4EBA8}.Debug|x86.ActiveCfg = Debug|Win32
		{995BB599-DF66-4375-B8BB-2C7BCFA4EBA8}.Debug|x86.Build.0 = Debug|Win32
		{995BB599-DF66-4375-B8BB-2C7BCFA4EBA8}.Release|x64.ActiveCfg = Release|x64
		{995BB599-DF66-4375-B8BB-2C7BCFA4EBA8}.Release|x64.Build.0 = Release|x64
		{995BB599-DF66-4375-B8BB-2C7BCFA4EBA8}.Release|x86.ActiveCfg = Release|Win32
		{995BB599-DF66-4375-B8BB-2C7BCFA4EBA8}.Release|x86.Build.0 = Release|Win32
		{3DD78FFF-DF30-4630-AB45-3B77CC0C82BF}.Debug|x64.ActiveCfg = Debug|x64
		{3DD78FFF-DF30-4630-AB45-3B77CC0C82BF}.Debug|x64.Build.0 = Debug|x64
		{3DD78FFF-DF30-4630-AB45-3B77CC0C82BF}.Debug|x86.ActiveCfg = Debug|Win32
		{3DD78FFF-DF30-4630-AB45-3B77CC0C82BF}.Debug|x86.Build.0 = Debug|Win32
		{3DD78FFF-DF30-4630-AB45-3B77CC0C82BF}.Release|x64.ActiveCfg = Release|x64
		{3DD78FFF-DF30-4630-AB45-3B77CC0C82BF}.Release|x64.Build.0 = Release|x64
		{3DD78FFF-DF30-4630-AB45-3B77CC0C82BF}.Release|x86.ActiveCfg = Release|Win32
		{3DD78FFF-DF30-4630-AB45-3B77CC0C82BF}.Release|x86.Build.0 = Release|Win32
		{5F65AE2C-0CE1-4671-9BAC-DC385762B21C}.Debug|x64.ActiveCfg = Debug|x64
		{5F65AE2C-0CE1-4671-9BAC-DC385762B21C}.Debug|x64.Build.0 = Debug|x64
		{5F65AE2C-0CE1-4671-9BAC-DC385762B21C}.Debug|x86.ActiveCfg = Debug|Win32
		{5F65AE2C-0CE1-4671-9BAC-DC385762B21C}.Debug|x86.Build.0 = Debug|Win32
		{5F65AE2C-0CE1-4671-9BAC-DC385762B21C}.Release|x64.ActiveCfg = Release|x64
		{5F65AE2C-0CE1-4671-9BAC-DC385762B21C}.Release|x64.Build.0 = Release|x64
		{5F65AE2C-0CE1-4671-9BAC-DC385762B21C}.Release|x86.ActiveCfg = Release|Win32
		{5F65AE2C-0CE1-4671-9BAC-DC385762B21C}.Release|x86.Build.0 = Release|Win32
		{DB3DA83C-6304-4A85-9B16-CE370E77757F}.Debug|x64.ActiveCfg = Debug|x64
		{DB3DA83C-6304-4A85-9B16-CE370E77757F}.Debug|x64.Build.0 = Debug|x64
		{DB3DA83C-6304-4A85-9B16-CE370E77757F}.Debug|x86.ActiveCfg = Debug|Win32
		{DB3DA83C-6304-4A85-9B16-CE370E77757F}.Debug|x86.Build.0 = Debug|Win32
		{DB3DA83C-6304-4A85-9B16-CE370E77757F}.Release|x64.ActiveCfg = Release|x64
		{DB3DA83C-6304-4A85-9B16-CE370E77757F}.Release|x64.Build.0 = Release|x64
		{DB3DA83C-6304-4A85-9B16-CE370E77757F}.Release|x86.ActiveCfg = Release|Win32
		{DB3DA83C-6304-4A85-9B16-CE370E77757F}.Release|x86.Build.0 = Release|Win32
		{78FA6DD9-CFB6-4338-A2CA-F0739B72B32E}.Debug|x64.ActiveCfg = Debug|x64
		{78FA6DD9-CFB6-4338-A2CA-F0739B72B32E}.Debug|x64.Build.0 = Debug|x64
		{78FA6DD9-CFB6-4338-A2CA-F0739B72B32E}.Debug|x86.ActiveCfg = Debug|Win32
		{78FA6DD9-CFB6-4338-A2CA-F0739B72B32E}.Debug|x86.Build.0 = Debug|Win32
		{78FA6DD9-CFB6-4338-A2CA-F0739B72B32E}.Release|x64.ActiveCfg = Release|x64
		{78FA6DD9-CFB6-4338-A2CA-F0739B72B32E}.Release|x64.Build.0 = Release|x64
		{78FA6DD9-CFB6-4338-A2CA-F0739B72B32E}.Release|x86.ActiveCfg = Release|Win32
		{78FA6DD9-CFB6-4338-A2CA-F0739B72B32E}.Release|x86.Build.0 = Release|Win32
	EndGlobalSection
	GlobalSection(SolutionProperties) = preSolution
		HideSolutionNode = FALSE
	EndGlobalSection
	GlobalSection(ExtensibilityGlobals) = postSolution
		SolutionGuid = {C004793F-1284-4099-9E17-EA3DF4F8C603}
	EndGlobalSection
EndGlobal
